
Microsoft Visual Studio Solution File, Format Version 12.00
# Visual Studio Version 16
VisualStudioVersion = 16.0.30611.23
MinimumVisualStudioVersion = 10.0.40219.1
Project("{FAE04EC0-301F-11D3-BF4B-00C04F79EFBC}") = "ContactsAppsUI", "ContactsAppsUI\ContactsAppsUI.csproj", "{BAB5206B-10F5-4B77-B4FD-003FF8BB58FA}"
EndProject
Project("{FAE04EC0-301F-11D3-BF4B-00C04F79EFBC}") = "ContactsApps", "ContactsApps\ContactsApps.csproj", "{016BA896-673F-46D2-B443-8F47158C6E09}"
EndProject
Project("{FAE04EC0-301F-11D3-BF4B-00C04F79EFBC}") = "console", "console\console.csproj", "{3BABE563-2601-4948-B8E6-B0CF70F6A6F4}"
EndProject
Project("{FAE04EC0-301F-11D3-BF4B-00C04F79EFBC}") = "ContactsApp.UnitTests", "ContactsApp.UnitTests\ContactsApp.UnitTests.csproj", "{90EAC527-A4DB-4A6C-BA3A-F7F34758A02F}"
EndProject
Global
	GlobalSection(SolutionConfigurationPlatforms) = preSolution
		Debug|Any CPU = Debug|Any CPU
		Release|Any CPU = Release|Any CPU
	EndGlobalSection
	GlobalSection(ProjectConfigurationPlatforms) = postSolution
		{BAB5206B-10F5-4B77-B4FD-003FF8BB58FA}.Debug|Any CPU.ActiveCfg = Debug|Any CPU
		{BAB5206B-10F5-4B77-B4FD-003FF8BB58FA}.Debug|Any CPU.Build.0 = Debug|Any CPU
		{BAB5206B-10F5-4B77-B4FD-003FF8BB58FA}.Release|Any CPU.ActiveCfg = Release|Any CPU
		{BAB5206B-10F5-4B77-B4FD-003FF8BB58FA}.Release|Any CPU.Build.0 = Release|Any CPU
		{016BA896-673F-46D2-B443-8F47158C6E09}.Debug|Any CPU.ActiveCfg = Debug|Any CPU
		{016BA896-673F-46D2-B443-8F47158C6E09}.Debug|Any CPU.Build.0 = Debug|Any CPU
		{016BA896-673F-46D2-B443-8F47158C6E09}.Release|Any CPU.ActiveCfg = Release|Any CPU
		{016BA896-673F-46D2-B443-8F47158C6E09}.Release|Any CPU.Build.0 = Release|Any CPU
		{3BABE563-2601-4948-B8E6-B0CF70F6A6F4}.Debug|Any CPU.ActiveCfg = Debug|Any CPU
		{3BABE563-2601-4948-B8E6-B0CF70F6A6F4}.Debug|Any CPU.Build.0 = Debug|Any CPU
		{3BABE563-2601-4948-B8E6-B0CF70F6A6F4}.Release|Any CPU.ActiveCfg = Release|Any CPU
		{3BABE563-2601-4948-B8E6-B0CF70F6A6F4}.Release|Any CPU.Build.0 = Release|Any CPU
		{90EAC527-A4DB-4A6C-BA3A-F7F34758A02F}.Debug|Any CPU.ActiveCfg = Debug|Any CPU
		{90EAC527-A4DB-4A6C-BA3A-F7F34758A02F}.Debug|Any CPU.Build.0 = Debug|Any CPU
		{90EAC527-A4DB-4A6C-BA3A-F7F34758A02F}.Release|Any CPU.ActiveCfg = Release|Any CPU
		{90EAC527-A4DB-4A6C-BA3A-F7F34758A02F}.Release|Any CPU.Build.0 = Release|Any CPU
	EndGlobalSection
	GlobalSection(SolutionProperties) = preSolution
		HideSolutionNode = FALSE
	EndGlobalSection
	GlobalSection(ExtensibilityGlobals) = postSolution
		SolutionGuid = {D2B8878F-5E27-4462-AE49-8F83120C0D9A}
	EndGlobalSection
EndGlobal
